
Microsoft Visual Studio Solution File, Format Version 12.00
# Visual Studio Version 17
VisualStudioVersion = 17.14.37203.1 d17.14
MinimumVisualStudioVersion = 10.0.40219.1
Project("{FAE04EC0-301F-11D3-BF4B-00C04F79EFBC}") = "TodoAppApi", "TodoAppApi\TodoAppApi.csproj", "{C5F3E4C6-12A9-48C8-AACD-570088D5125E}"
EndProject
Project("{FAE04EC0-301F-11D3-BF4B-00C04F79EFBC}") = "TodoAppApiTest", "TodoAppApiTest\TodoAppApiTest.csproj", "{79D39EB8-B1AD-49B8-BD4D-F41357C3F958}"
EndProject
Global
	GlobalSection(SolutionConfigurationPlatforms) = preSolution
		Debug|Any CPU = Debug|Any CPU
		Release|Any CPU = Release|Any CPU
	EndGlobalSection
	GlobalSection(ProjectConfigurationPlatforms) = postSolution
		{C5F3E4C6-12A9-48C8-AACD-570088D5125E}.Debug|Any CPU.ActiveCfg = Debug|Any CPU
		{C5F3E4C6-12A9-48C8-AACD-570088D5125E}.Debug|Any CPU.Build.0 = Debug|Any CPU
		{C5F3E4C6-12A9-48C8-AACD-570088D5125E}.Release|Any CPU.ActiveCfg = Release|Any CPU
		{C5F3E4C6-12A9-48C8-AACD-570088D5125E}.Release|Any CPU.Build.0 = Release|Any CPU
		{79D39EB8-B1AD-49B8-BD4D-F41357C3F958}.Debug|Any CPU.ActiveCfg = Debug|Any CPU
		{79D39EB8-B1AD-49B8-BD4D-F41357C3F958}.Debug|Any CPU.Build.0 = Debug|Any CPU
		{79D39EB8-B1AD-49B8-BD4D-F41357C3F958}.Release|Any CPU.ActiveCfg = Release|Any CPU
		{79D39EB8-B1AD-49B8-BD4D-F41357C3F958}.Release|Any CPU.Build.0 = Release|Any CPU
	EndGlobalSection
	GlobalSection(SolutionProperties) = preSolution
		HideSolutionNode = FALSE
	EndGlobalSection
	GlobalSection(ExtensibilityGlobals) = postSolution
		SolutionGuid = {F63D2767-8EF1-445B-B5BB-5EF309C7AB59}
	EndGlobalSection
EndGlobal
